
Microsoft Visual Studio Solution File, Format Version 12.00
# Visual Studio 15
Project("{FAE04EC0-301F-11D3-BF4B-00C04F79EFBC}") = "Alteracia.Patterns", "Alteracia.Patterns.csproj", "{D862CDC2-E70F-6773-64FB-0547687A1377}"
EndProject
Project("{FAE04EC0-301F-11D3-BF4B-00C04F79EFBC}") = "Assembly-CSharp", "Assembly-CSharp.csproj", "{B2B58FB2-4462-6B0C-A872-40DD957E5FE0}"
EndProject
Project("{FAE04EC0-301F-11D3-BF4B-00C04F79EFBC}") = "Alteracia.Web", "Alteracia.Web.csproj", "{15D75BDF-03E3-0421-2FA8-B75DEAF04E4B}"
EndProject
Project("{FAE04EC0-301F-11D3-BF4B-00C04F79EFBC}") = "in3D.AvatarsSDK", "in3D.AvatarsSDK.csproj", "{FE78B573-A4BD-8B44-CEE0-70E216709837}"
EndProject
Project("{FAE04EC0-301F-11D3-BF4B-00C04F79EFBC}") = "in3D.AvatarsSDK.gltFastUrpSample", "in3D.AvatarsSDK.gltFastUrpSample.csproj", "{FD662CEC-B5D4-DA56-32D3-912842C41E7F}"
EndProject
Project("{FAE04EC0-301F-11D3-BF4B-00C04F79EFBC}") = "Alteracia.Animations", "Alteracia.Animations.csproj", "{008026D4-0DD4-3B8A-F28F-F9FE39426D38}"
EndProject
Project("{FAE04EC0-301F-11D3-BF4B-00C04F79EFBC}") = "Alteracia.Logic", "Alteracia.Logic.csproj", "{4BAFBBE6-C5B1-FCF6-94DF-B1A74A0B7E68}"
EndProject
Project("{FAE04EC0-301F-11D3-BF4B-00C04F79EFBC}") = "in3d.AvatarsSDK.Editor", "in3d.AvatarsSDK.Editor.csproj", "{EB3C4B8E-99E6-A47F-20AA-3B17F6CCD00C}"
EndProject
Project("{FAE04EC0-301F-11D3-BF4B-00C04F79EFBC}") = "Alteracia.Patterns.Editor", "Alteracia.Patterns.Editor.csproj", "{2289C917-D577-C589-A8F5-BB5F408BBB94}"
EndProject
Project("{FAE04EC0-301F-11D3-BF4B-00C04F79EFBC}") = "in3D.AvatarsSDK.Tests", "in3D.AvatarsSDK.Tests.csproj", "{7CC4E90E-7577-C3B8-7503-CAFB7F4AEBCE}"
EndProject
Global
	GlobalSection(SolutionConfigurationPlatforms) = preSolution
		Debug|Any CPU = Debug|Any CPU
		Release|Any CPU = Release|Any CPU
	EndGlobalSection
	GlobalSection(ProjectConfigurationPlatforms) = postSolution
		{D862CDC2-E70F-6773-64FB-0547687A1377}.Debug|Any CPU.ActiveCfg = Debug|Any CPU
		{D862CDC2-E70F-6773-64FB-0547687A1377}.Debug|Any CPU.Build.0 = Debug|Any CPU
		{D862CDC2-E70F-6773-64FB-0547687A1377}.Release|Any CPU.ActiveCfg = Release|Any CPU
		{D862CDC2-E70F-6773-64FB-0547687A1377}.Release|Any CPU.Build.0 = Release|Any CPU
		{B2B58FB2-4462-6B0C-A872-40DD957E5FE0}.Debug|Any CPU.ActiveCfg = Debug|Any CPU
		{B2B58FB2-4462-6B0C-A872-40DD957E5FE0}.Debug|Any CPU.Build.0 = Debug|Any CPU
		{B2B58FB2-4462-6B0C-A872-40DD957E5FE0}.Release|Any CPU.ActiveCfg = Release|Any CPU
		{B2B58FB2-4462-6B0C-A872-40DD957E5FE0}.Release|Any CPU.Build.0 = Release|Any CPU
		{15D75BDF-03E3-0421-2FA8-B75DEAF04E4B}.Debug|Any CPU.ActiveCfg = Debug|Any CPU
		{15D75BDF-03E3-0421-2FA8-B75DEAF04E4B}.Debug|Any CPU.Build.0 = Debug|Any CPU
		{15D75BDF-03E3-0421-2FA8-B75DEAF04E4B}.Release|Any CPU.ActiveCfg = Release|Any CPU
		{15D75BDF-03E3-0421-2FA8-B75DEAF04E4B}.Release|Any CPU.Build.0 = Release|Any CPU
		{FE78B573-A4BD-8B44-CEE0-70E216709837}.Debug|Any CPU.ActiveCfg = Debug|Any CPU
		{FE78B573-A4BD-8B44-CEE0-70E216709837}.Debug|Any CPU.Build.0 = Debug|Any CPU
		{FE78B573-A4BD-8B44-CEE0-70E216709837}.Release|Any CPU.ActiveCfg = Release|Any CPU
		{FE78B573-A4BD-8B44-CEE0-70E216709837}.Release|Any CPU.Build.0 = Release|Any CPU
		{FD662CEC-B5D4-DA56-32D3-912842C41E7F}.Debug|Any CPU.ActiveCfg = Debug|Any CPU
		{FD662CEC-B5D4-DA56-32D3-912842C41E7F}.Debug|Any CPU.Build.0 = Debug|Any CPU
		{FD662CEC-B5D4-DA56-32D3-912842C41E7F}.Release|Any CPU.ActiveCfg = Release|Any CPU
		{FD662CEC-B5D4-DA56-32D3-912842C41E7F}.Release|Any CPU.Build.0 = Release|Any CPU
		{008026D4-0DD4-3B8A-F28F-F9FE39426D38}.Debug|Any CPU.ActiveCfg = Debug|Any CPU
		{008026D4-0DD4-3B8A-F28F-F9FE39426D38}.Debug|Any CPU.Build.0 = Debug|Any CPU
		{008026D4-0DD4-3B8A-F28F-F9FE39426D38}.Release|Any CPU.ActiveCfg = Release|Any CPU
		{008026D4-0DD4-3B8A-F28F-F9FE39426D38}.Release|Any CPU.Build.0 = Release|Any CPU
		{4BAFBBE6-C5B1-FCF6-94DF-B1A74A0B7E68}.Debug|Any CPU.ActiveCfg = Debug|Any CPU
		{4BAFBBE6-C5B1-FCF6-94DF-B1A74A0B7E68}.Debug|Any CPU.Build.0 = Debug|Any CPU
		{4BAFBBE6-C5B1-FCF6-94DF-B1A74A0B7E68}.Release|Any CPU.ActiveCfg = Release|Any CPU
		{4BAFBBE6-C5B1-FCF6-94DF-B1A74A0B7E68}.Release|Any CPU.Build.0 = Release|Any CPU
		{EB3C4B8E-99E6-A47F-20AA-3B17F6CCD00C}.Debug|Any CPU.ActiveCfg = Debug|Any CPU
		{EB3C4B8E-99E6-A47F-20AA-3B17F6CCD00C}.Debug|Any CPU.Build.0 = Debug|Any CPU
		{EB3C4B8E-99E6-A47F-20AA-3B17F6CCD00C}.Release|Any CPU.ActiveCfg = Release|Any CPU
		{EB3C4B8E-99E6-A47F-20AA-3B17F6CCD00C}.Release|Any CPU.Build.0 = Release|Any CPU
		{2289C917-D577-C589-A8F5-BB5F408BBB94}.Debug|Any CPU.ActiveCfg = Debug|Any CPU
		{2289C917-D577-C589-A8F5-BB5F408BBB94}.Debug|Any CPU.Build.0 = Debug|Any CPU
		{2289C917-D577-C589-A8F5-BB5F408BBB94}.Release|Any CPU.ActiveCfg = Release|Any CPU
		{2289C917-D577-C589-A8F5-BB5F408BBB94}.Release|Any CPU.Build.0 = Release|Any CPU
		{7CC4E90E-7577-C3B8-7503-CAFB7F4AEBCE}.Debug|Any CPU.ActiveCfg = Debug|Any CPU
		{7CC4E90E-7577-C3B8-7503-CAFB7F4AEBCE}.Debug|Any CPU.Build.0 = Debug|Any CPU
		{7CC4E90E-7577-C3B8-7503-CAFB7F4AEBCE}.Release|Any CPU.ActiveCfg = Release|Any CPU
		{7CC4E90E-7577-C3B8-7503-CAFB7F4AEBCE}.Release|Any CPU.Build.0 = Release|Any CPU
	EndGlobalSection
	GlobalSection(SolutionProperties) = preSolution
		HideSolutionNode = FALSE
	EndGlobalSection
EndGlobal
